
Microsoft Visual Studio Solution File, Format Version 12.00
# Visual Studio 15
VisualStudioVersion = 15.0.28307.902
MinimumVisualStudioVersion = 10.0.40219.1
Project("{8BC9CEB8-8B4A-11D0-8D11-00A0C91BC942}") = "vyvod", "vyvod\vyvod.vcxproj", "{CF7BC7C7-B87D-4E91-B04C-9D507D74787C}"
EndProject
Global
	GlobalSection(SolutionConfigurationPlatforms) = preSolution
		Debug|x64 = Debug|x64
		Debug|x86 = Debug|x86
		Release|x64 = Release|x64
		Release|x86 = Release|x86
	EndGlobalSection
	GlobalSection(ProjectConfigurationPlatforms) = postSolution
		{CF7BC7C7-B87D-4E91-B04C-9D507D74787C}.Debug|x64.ActiveCfg = Debug|x64
		{CF7BC7C7-B87D-4E91-B04C-9D507D74787C}.Debug|x64.Build.0 = Debug|x64
		{CF7BC7C7-B87D-4E91-B04C-9D507D74787C}.Debug|x86.ActiveCfg = Debug|Win32
		{CF7BC7C7-B87D-4E91-B04C-9D507D74787C}.Debug|x86.Build.0 = Debug|Win32
		{CF7BC7C7-B87D-4E91-B04C-9D507D74787C}.Release|x64.ActiveCfg = Release|x64
		{CF7BC7C7-B87D-4E91-B04C-9D507D74787C}.Release|x64.Build.0 = Release|x64
		{CF7BC7C7-B87D-4E91-B04C-9D507D74787C}.Release|x86.ActiveCfg = Release|Win32
		{CF7BC7C7-B87D-4E91-B04C-9D507D74787C}.Release|x86.Build.0 = Release|Win32
	EndGlobalSection
	GlobalSection(SolutionProperties) = preSolution
		HideSolutionNode = FALSE
	EndGlobalSection
	GlobalSection(ExtensibilityGlobals) = postSolution
		SolutionGuid = {866DC6C8-2C17-4160-854E-5DC4B779EE69}
	EndGlobalSection
EndGlobal
